
Microsoft Visual Studio Solution File, Format Version 12.00
Project("{FAE04EC0-301F-11D3-BF4B-00C04F79EFBC}") = "SalaryCalculatorTests", "SalaryCalculatorTests.csproj", "{4AE4B112-1012-4ECD-83C6-B4AE1E3460CD}"
EndProject
Global
	GlobalSection(SolutionConfigurationPlatforms) = preSolution
		Debug|Any CPU = Debug|Any CPU
		Release|Any CPU = Release|Any CPU
	EndGlobalSection
	GlobalSection(ProjectConfigurationPlatforms) = postSolution
		{4AE4B112-1012-4ECD-83C6-B4AE1E3460CD}.Debug|Any CPU.ActiveCfg = Debug|Any CPU
		{4AE4B112-1012-4ECD-83C6-B4AE1E3460CD}.Debug|Any CPU.Build.0 = Debug|Any CPU
		{4AE4B112-1012-4ECD-83C6-B4AE1E3460CD}.Release|Any CPU.ActiveCfg = Release|Any CPU
		{4AE4B112-1012-4ECD-83C6-B4AE1E3460CD}.Release|Any CPU.Build.0 = Release|Any CPU
	EndGlobalSection
EndGlobal
